
Microsoft Visual Studio Solution File, Format Version 12.00
# Visual Studio Version 16
VisualStudioVersion = 16.0.28803.202
MinimumVisualStudioVersion = 10.0.40219.1
Project("{A07B5EB6-E848-4116-A8D0-A826331D98C6}") = "ECommerce", "ECommerce\ECommerce.sfproj", "{64A5510C-DC40-4B9B-91E9-E728D397F1C6}"
EndProject
Project("{FAE04EC0-301F-11D3-BF4B-00C04F79EFBC}") = "ECommerce.ProductCatalog", "ECommerce.ProductCatalog\ECommerce.ProductCatalog.csproj", "{87B164F1-B1EA-4E0A-8676-3BDCD5015715}"
EndProject
Global
	GlobalSection(SolutionConfigurationPlatforms) = preSolution
		Debug|Any CPU = Debug|Any CPU
		Debug|x64 = Debug|x64
		Release|Any CPU = Release|Any CPU
		Release|x64 = Release|x64
	EndGlobalSection
	GlobalSection(ProjectConfigurationPlatforms) = postSolution
		{64A5510C-DC40-4B9B-91E9-E728D397F1C6}.Debug|Any CPU.ActiveCfg = Debug|x64
		{64A5510C-DC40-4B9B-91E9-E728D397F1C6}.Debug|x64.ActiveCfg = Debug|x64
		{64A5510C-DC40-4B9B-91E9-E728D397F1C6}.Debug|x64.Build.0 = Debug|x64
		{64A5510C-DC40-4B9B-91E9-E728D397F1C6}.Debug|x64.Deploy.0 = Debug|x64
		{64A5510C-DC40-4B9B-91E9-E728D397F1C6}.Release|Any CPU.ActiveCfg = Release|x64
		{64A5510C-DC40-4B9B-91E9-E728D397F1C6}.Release|x64.ActiveCfg = Release|x64
		{64A5510C-DC40-4B9B-91E9-E728D397F1C6}.Release|x64.Build.0 = Release|x64
		{64A5510C-DC40-4B9B-91E9-E728D397F1C6}.Release|x64.Deploy.0 = Release|x64
		{87B164F1-B1EA-4E0A-8676-3BDCD5015715}.Debug|Any CPU.ActiveCfg = Debug|Any CPU
		{87B164F1-B1EA-4E0A-8676-3BDCD5015715}.Debug|Any CPU.Build.0 = Debug|Any CPU
		{87B164F1-B1EA-4E0A-8676-3BDCD5015715}.Debug|x64.ActiveCfg = Debug|Any CPU
		{87B164F1-B1EA-4E0A-8676-3BDCD5015715}.Debug|x64.Build.0 = Debug|Any CPU
		{87B164F1-B1EA-4E0A-8676-3BDCD5015715}.Release|Any CPU.ActiveCfg = Release|Any CPU
		{87B164F1-B1EA-4E0A-8676-3BDCD5015715}.Release|Any CPU.Build.0 = Release|Any CPU
		{87B164F1-B1EA-4E0A-8676-3BDCD5015715}.Release|x64.ActiveCfg = Release|Any CPU
		{87B164F1-B1EA-4E0A-8676-3BDCD5015715}.Release|x64.Build.0 = Release|Any CPU
	EndGlobalSection
	GlobalSection(SolutionProperties) = preSolution
		HideSolutionNode = FALSE
	EndGlobalSection
	GlobalSection(ExtensibilityGlobals) = postSolution
		SolutionGuid = {B775FB0B-BF25-4444-A0BC-03E4EA5CB70C}
	EndGlobalSection
EndGlobal
